// !$*UTF8*$!
{
	archiveVersion = 1;
	classes = {
	};
	objectVersion = 46;
	objects = {

/* Begin PBXBuildFile section */
		A16193891CE6EFD200EE2264 /* FullTransparentNavigationBar.swift in Sources */ = {isa = PBXBuildFile; fileRef = A16193881CE6EFD200EE2264 /* FullTransparentNavigationBar.swift */; };
		A161938B1CE6F4FF00EE2264 /* AddMyPinVC.swift in Sources */ = {isa = PBXBuildFile; fileRef = A161938A1CE6F4FF00EE2264 /* AddMyPinVC.swift */; };
		A1D6E48A1CE82A0900117697 /* RoundButton.swift in Sources */ = {isa = PBXBuildFile; fileRef = A1D6E4891CE82A0900117697 /* RoundButton.swift */; };
		A1D6E48C1CE8564600117697 /* AddMyLinkVC.swift in Sources */ = {isa = PBXBuildFile; fileRef = A1D6E48B1CE8564600117697 /* AddMyLinkVC.swift */; };
		A1FCD0471CEC3A88009A8897 /* ListVC.swift in Sources */ = {isa = PBXBuildFile; fileRef = A1FCD0461CEC3A88009A8897 /* ListVC.swift */; };
		B21120A31CE3B83F0072E9C5 /* AppDelegate.swift in Sources */ = {isa = PBXBuildFile; fileRef = B21120A21CE3B83F0072E9C5 /* AppDelegate.swift */; };
		B21120A81CE3B83F0072E9C5 /* Main.storyboard in Resources */ = {isa = PBXBuildFile; fileRef = B21120A61CE3B83F0072E9C5 /* Main.storyboard */; };
		B21120AA1CE3B83F0072E9C5 /* Assets.xcassets in Resources */ = {isa = PBXBuildFile; fileRef = B21120A91CE3B83F0072E9C5 /* Assets.xcassets */; };
		B21120AD1CE3B83F0072E9C5 /* LaunchScreen.storyboard in Resources */ = {isa = PBXBuildFile; fileRef = B21120AB1CE3B83F0072E9C5 /* LaunchScreen.storyboard */; };
		B21120B81CE3B83F0072E9C5 /* OnTheMapTests.swift in Sources */ = {isa = PBXBuildFile; fileRef = B21120B71CE3B83F0072E9C5 /* OnTheMapTests.swift */; };
		B21120C31CE3B83F0072E9C5 /* OnTheMapUITests.swift in Sources */ = {isa = PBXBuildFile; fileRef = B21120C21CE3B83F0072E9C5 /* OnTheMapUITests.swift */; };
		B21120D11CE3D03C0072E9C5 /* LoginVC.swift in Sources */ = {isa = PBXBuildFile; fileRef = B21120D01CE3D03C0072E9C5 /* LoginVC.swift */; };
		B21120D51CE3D83F0072E9C5 /* SquareTextField.swift in Sources */ = {isa = PBXBuildFile; fileRef = B21120D41CE3D83F0072E9C5 /* SquareTextField.swift */; };
		B21120D81CE3E2260072E9C5 /* UdacityAPI.swift in Sources */ = {isa = PBXBuildFile; fileRef = B21120D71CE3E2260072E9C5 /* UdacityAPI.swift */; };
		B21120DC1CE3E2640072E9C5 /* UdacityConstant.swift in Sources */ = {isa = PBXBuildFile; fileRef = B21120DB1CE3E2640072E9C5 /* UdacityConstant.swift */; };
		B2B0CB4A1CE646E8005EA3AB /* StudentLocation.swift in Sources */ = {isa = PBXBuildFile; fileRef = B2B0CB491CE646E8005EA3AB /* StudentLocation.swift */; };
		B2B0CB4C1CE65FB2005EA3AB /* MapPin.swift in Sources */ = {isa = PBXBuildFile; fileRef = B2B0CB4B1CE65FB2005EA3AB /* MapPin.swift */; };
		B2D17C751CEA43810086F3FD /* FBSDKCoreKit.framework in Frameworks */ = {isa = PBXBuildFile; fileRef = B2D17C731CEA43810086F3FD /* FBSDKCoreKit.framework */; };
		B2D17C761CEA43810086F3FD /* FBSDKLoginKit.framework in Frameworks */ = {isa = PBXBuildFile; fileRef = B2D17C741CEA43810086F3FD /* FBSDKLoginKit.framework */; };
		B2E091471CE4F872004254AE /* MainTabBarVC.swift in Sources */ = {isa = PBXBuildFile; fileRef = B2E091461CE4F872004254AE /* MainTabBarVC.swift */; };
		B2E091491CE52E04004254AE /* GCDBlackBox.swift in Sources */ = {isa = PBXBuildFile; fileRef = B2E091481CE52E04004254AE /* GCDBlackBox.swift */; };
		B2E0914B1CE53550004254AE /* MapVC.swift in Sources */ = {isa = PBXBuildFile; fileRef = B2E0914A1CE53550004254AE /* MapVC.swift */; };
		B2E091551CE5596E004254AE /* ParseAPI.swift in Sources */ = {isa = PBXBuildFile; fileRef = B2E091531CE5596E004254AE /* ParseAPI.swift */; };
		B2E091561CE5596E004254AE /* ParseConstant.swift in Sources */ = {isa = PBXBuildFile; fileRef = B2E091541CE5596E004254AE /* ParseConstant.swift */; };
/* End PBXBuildFile section */

/* Begin PBXContainerItemProxy section */
		B21120B41CE3B83F0072E9C5 /* PBXContainerItemProxy */ = {
			isa = PBXContainerItemProxy;
			containerPortal = B21120971CE3B83F0072E9C5 /* Project object */;
			proxyType = 1;
			remoteGlobalIDString = B211209E1CE3B83F0072E9C5;
			remoteInfo = OnTheMap;
		};
		B21120BF1CE3B83F0072E9C5 /* PBXContainerItemProxy */ = {
			isa = PBXContainerItemProxy;
			containerPortal = B21120971CE3B83F0072E9C5 /* Project object */;
			proxyType = 1;
			remoteGlobalIDString = B211209E1CE3B83F0072E9C5;
			remoteInfo = OnTheMap;
		};
/* End PBXContainerItemProxy section */

/* Begin PBXFileReference section */
		A16193881CE6EFD200EE2264 /* FullTransparentNavigationBar.swift */ = {isa = PBXFileReference; fileEncoding = 4; lastKnownFileType = sourcecode.swift; name = FullTransparentNavigationBar.swift; path = CustomizeUI/FullTransparentNavigationBar.swift; sourceTree = "<group>"; };
		A161938A1CE6F4FF00EE2264 /* AddMyPinVC.swift */ = {isa = PBXFileReference; fileEncoding = 4; lastKnownFileType = sourcecode.swift; path = AddMyPinVC.swift; sourceTree = "<group>"; };
		A1D6E4891CE82A0900117697 /* RoundButton.swift */ = {isa = PBXFileReference; fileEncoding = 4; lastKnownFileType = sourcecode.swift; name = RoundButton.swift; path = CustomizeUI/RoundButton.swift; sourceTree = "<group>"; };
		A1D6E48B1CE8564600117697 /* AddMyLinkVC.swift */ = {isa = PBXFileReference; fileEncoding = 4; lastKnownFileType = sourcecode.swift; path = AddMyLinkVC.swift; sourceTree = "<group>"; };
		A1FCD0461CEC3A88009A8897 /* ListVC.swift */ = {isa = PBXFileReference; fileEncoding = 4; lastKnownFileType = sourcecode.swift; path = ListVC.swift; sourceTree = "<group>"; };
		B211209F1CE3B83F0072E9C5 /* OnTheMap.app */ = {isa = PBXFileReference; explicitFileType = wrapper.application; includeInIndex = 0; path = OnTheMap.app; sourceTree = BUILT_PRODUCTS_DIR; };
		B21120A21CE3B83F0072E9C5 /* AppDelegate.swift */ = {isa = PBXFileReference; lastKnownFileType = sourcecode.swift; path = AppDelegate.swift; sourceTree = "<group>"; };
		B21120A71CE3B83F0072E9C5 /* Base */ = {isa = PBXFileReference; lastKnownFileType = file.storyboard; name = Base; path = Base.lproj/Main.storyboard; sourceTree = "<group>"; };
		B21120A91CE3B83F0072E9C5 /* Assets.xcassets */ = {isa = PBXFileReference; lastKnownFileType = folder.assetcatalog; path = Assets.xcassets; sourceTree = "<group>"; };
		B21120AC1CE3B83F0072E9C5 /* Base */ = {isa = PBXFileReference; lastKnownFileType = file.storyboard; name = Base; path = Base.lproj/LaunchScreen.storyboard; sourceTree = "<group>"; };
		B21120AE1CE3B83F0072E9C5 /* Info.plist */ = {isa = PBXFileReference; lastKnownFileType = text.plist.xml; path = Info.plist; sourceTree = "<group>"; };
		B21120B31CE3B83F0072E9C5 /* OnTheMapTests.xctest */ = {isa = PBXFileReference; explicitFileType = wrapper.cfbundle; includeInIndex = 0; path = OnTheMapTests.xctest; sourceTree = BUILT_PRODUCTS_DIR; };
		B21120B71CE3B83F0072E9C5 /* OnTheMapTests.swift */ = {isa = PBXFileReference; lastKnownFileType = sourcecode.swift; path = OnTheMapTests.swift; sourceTree = "<group>"; };
		B21120B91CE3B83F0072E9C5 /* Info.plist */ = {isa = PBXFileReference; lastKnownFileType = text.plist.xml; path = Info.plist; sourceTree = "<group>"; };
		B21120BE1CE3B83F0072E9C5 /* OnTheMapUITests.xctest */ = {isa = PBXFileReference; explicitFileType = wrapper.cfbundle; includeInIndex = 0; path = OnTheMapUITests.xctest; sourceTree = BUILT_PRODUCTS_DIR; };
		B21120C21CE3B83F0072E9C5 /* OnTheMapUITests.swift */ = {isa = PBXFileReference; lastKnownFileType = sourcecode.swift; path = OnTheMapUITests.swift; sourceTree = "<group>"; };
		B21120C41CE3B83F0072E9C5 /* Info.plist */ = {isa = PBXFileReference; lastKnownFileType = text.plist.xml; path = Info.plist; sourceTree = "<group>"; };
		B21120D01CE3D03C0072E9C5 /* LoginVC.swift */ = {isa = PBXFileReference; fileEncoding = 4; lastKnownFileType = sourcecode.swift; path = LoginVC.swift; sourceTree = "<group>"; };
		B21120D41CE3D83F0072E9C5 /* SquareTextField.swift */ = {isa = PBXFileReference; fileEncoding = 4; lastKnownFileType = sourcecode.swift; name = SquareTextField.swift; path = CustomizeUI/SquareTextField.swift; sourceTree = "<group>"; };
		B21120D71CE3E2260072E9C5 /* UdacityAPI.swift */ = {isa = PBXFileReference; fileEncoding = 4; lastKnownFileType = sourcecode.swift; path = UdacityAPI.swift; sourceTree = "<group>"; };
		B21120DB1CE3E2640072E9C5 /* UdacityConstant.swift */ = {isa = PBXFileReference; fileEncoding = 4; lastKnownFileType = sourcecode.swift; path = UdacityConstant.swift; sourceTree = "<group>"; };
		B2B0CB491CE646E8005EA3AB /* StudentLocation.swift */ = {isa = PBXFileReference; fileEncoding = 4; lastKnownFileType = sourcecode.swift; path = StudentLocation.swift; sourceTree = "<group>"; };
		B2B0CB4B1CE65FB2005EA3AB /* MapPin.swift */ = {isa = PBXFileReference; fileEncoding = 4; lastKnownFileType = sourcecode.swift; path = MapPin.swift; sourceTree = "<group>"; };
		B2D17C731CEA43810086F3FD /* FBSDKCoreKit.framework */ = {isa = PBXFileReference; lastKnownFileType = wrapper.framework; name = FBSDKCoreKit.framework; path = FaceBookSDK/FBSDKCoreKit.framework; sourceTree = "<group>"; };
		B2D17C741CEA43810086F3FD /* FBSDKLoginKit.framework */ = {isa = PBXFileReference; lastKnownFileType = wrapper.framework; name = FBSDKLoginKit.framework; path = FaceBookSDK/FBSDKLoginKit.framework; sourceTree = "<group>"; };
		B2E091461CE4F872004254AE /* MainTabBarVC.swift */ = {isa = PBXFileReference; fileEncoding = 4; lastKnownFileType = sourcecode.swift; path = MainTabBarVC.swift; sourceTree = "<group>"; };
		B2E091481CE52E04004254AE /* GCDBlackBox.swift */ = {isa = PBXFileReference; fileEncoding = 4; lastKnownFileType = sourcecode.swift; path = GCDBlackBox.swift; sourceTree = "<group>"; };
		B2E0914A1CE53550004254AE /* MapVC.swift */ = {isa = PBXFileReference; fileEncoding = 4; lastKnownFileType = sourcecode.swift; path = MapVC.swift; sourceTree = "<group>"; };
		B2E091531CE5596E004254AE /* ParseAPI.swift */ = {isa = PBXFileReference; fileEncoding = 4; lastKnownFileType = sourcecode.swift; path = ParseAPI.swift; sourceTree = "<group>"; };
		B2E091541CE5596E004254AE /* ParseConstant.swift */ = {isa = PBXFileReference; fileEncoding = 4; lastKnownFileType = sourcecode.swift; path = ParseConstant.swift; sourceTree = "<group>"; };
/* End PBXFileReference section */

/* Begin PBXFrameworksBuildPhase section */
		B211209C1CE3B83F0072E9C5 /* Frameworks */ = {
			isa = PBXFrameworksBuildPhase;
			buildActionMask = 2147483647;
			files = (
				B2D17C761CEA43810086F3FD /* FBSDKLoginKit.framework in Frameworks */,
				B2D17C751CEA43810086F3FD /* FBSDKCoreKit.framework in Frameworks */,
			);
			runOnlyForDeploymentPostprocessing = 0;
		};
		B21120B01CE3B83F0072E9C5 /* Frameworks */ = {
			isa = PBXFrameworksBuildPhase;
			buildActionMask = 2147483647;
			files = (
			);
			runOnlyForDeploymentPostprocessing = 0;
		};
		B21120BB1CE3B83F0072E9C5 /* Frameworks */ = {
			isa = PBXFrameworksBuildPhase;
			buildActionMask = 2147483647;
			files = (
			);
			runOnlyForDeploymentPostprocessing = 0;
		};
/* End PBXFrameworksBuildPhase section */

/* Begin PBXGroup section */
		B21120961CE3B83F0072E9C5 = {
			isa = PBXGroup;
			children = (
				B21120A11CE3B83F0072E9C5 /* OnTheMap */,
				B21120B61CE3B83F0072E9C5 /* OnTheMapTests */,
				B21120C11CE3B83F0072E9C5 /* OnTheMapUITests */,
				B21120A01CE3B83F0072E9C5 /* Products */,
			);
			sourceTree = "<group>";
		};
		B21120A01CE3B83F0072E9C5 /* Products */ = {
			isa = PBXGroup;
			children = (
				B211209F1CE3B83F0072E9C5 /* OnTheMap.app */,
				B21120B31CE3B83F0072E9C5 /* OnTheMapTests.xctest */,
				B21120BE1CE3B83F0072E9C5 /* OnTheMapUITests.xctest */,
			);
			name = Products;
			sourceTree = "<group>";
		};
		B21120A11CE3B83F0072E9C5 /* OnTheMap */ = {
			isa = PBXGroup;
			children = (
				B21120A21CE3B83F0072E9C5 /* AppDelegate.swift */,
				B21120D61CE3D8440072E9C5 /* CustomizeUI */,
				B21120D21CE3D0610072E9C5 /* Storyboard */,
				B21120D91CE3E2300072E9C5 /* API */,
				B21120D31CE3D06B0072E9C5 /* ViewControllers */,
				B21120A91CE3B83F0072E9C5 /* Assets.xcassets */,
				B21120AE1CE3B83F0072E9C5 /* Info.plist */,
			);
			path = OnTheMap;
			sourceTree = "<group>";
		};
		B21120B61CE3B83F0072E9C5 /* OnTheMapTests */ = {
			isa = PBXGroup;
			children = (
				B21120B71CE3B83F0072E9C5 /* OnTheMapTests.swift */,
				B21120B91CE3B83F0072E9C5 /* Info.plist */,
			);
			path = OnTheMapTests;
			sourceTree = "<group>";
		};
		B21120C11CE3B83F0072E9C5 /* OnTheMapUITests */ = {
			isa = PBXGroup;
			children = (
				B21120C21CE3B83F0072E9C5 /* OnTheMapUITests.swift */,
				B21120C41CE3B83F0072E9C5 /* Info.plist */,
			);
			path = OnTheMapUITests;
			sourceTree = "<group>";
		};
		B21120D21CE3D0610072E9C5 /* Storyboard */ = {
			isa = PBXGroup;
			children = (
				B21120AB1CE3B83F0072E9C5 /* LaunchScreen.storyboard */,
				B21120A61CE3B83F0072E9C5 /* Main.storyboard */,
			);
			name = Storyboard;
			sourceTree = "<group>";
		};
		B21120D31CE3D06B0072E9C5 /* ViewControllers */ = {
			isa = PBXGroup;
			children = (
				B21120D01CE3D03C0072E9C5 /* LoginVC.swift */,
				B2E091461CE4F872004254AE /* MainTabBarVC.swift */,
				A161938A1CE6F4FF00EE2264 /* AddMyPinVC.swift */,
				A1D6E48B1CE8564600117697 /* AddMyLinkVC.swift */,
				B2B0CB4B1CE65FB2005EA3AB /* MapPin.swift */,
				B2E0914A1CE53550004254AE /* MapVC.swift */,
				A1FCD0461CEC3A88009A8897 /* ListVC.swift */,
			);
			name = ViewControllers;
			sourceTree = "<group>";
		};
		B21120D61CE3D8440072E9C5 /* CustomizeUI */ = {
			isa = PBXGroup;
			children = (
				B21120D41CE3D83F0072E9C5 /* SquareTextField.swift */,
				A1D6E4891CE82A0900117697 /* RoundButton.swift */,
				A16193881CE6EFD200EE2264 /* FullTransparentNavigationBar.swift */,
			);
			name = CustomizeUI;
			sourceTree = "<group>";
		};
		B21120D91CE3E2300072E9C5 /* API */ = {
			isa = PBXGroup;
			children = (
				B2E091481CE52E04004254AE /* GCDBlackBox.swift */,
				B2D17C771CEA43880086F3FD /* FacebookSDK */,
				B2E091571CE55972004254AE /* Parse */,
				B21120DA1CE3E2380072E9C5 /* Udacity */,
			);
			name = API;
			sourceTree = "<group>";
		};
		B21120DA1CE3E2380072E9C5 /* Udacity */ = {
			isa = PBXGroup;
			children = (
				B21120D71CE3E2260072E9C5 /* UdacityAPI.swift */,
				B21120DB1CE3E2640072E9C5 /* UdacityConstant.swift */,
			);
			name = Udacity;
			sourceTree = "<group>";
		};
		B2D17C771CEA43880086F3FD /* FacebookSDK */ = {
			isa = PBXGroup;
			children = (
				B2D17C731CEA43810086F3FD /* FBSDKCoreKit.framework */,
				B2D17C741CEA43810086F3FD /* FBSDKLoginKit.framework */,
			);
			name = FacebookSDK;
			sourceTree = "<group>";
		};
		B2E091571CE55972004254AE /* Parse */ = {
			isa = PBXGroup;
			children = (
				B2E091531CE5596E004254AE /* ParseAPI.swift */,
				B2E091541CE5596E004254AE /* ParseConstant.swift */,
				B2B0CB491CE646E8005EA3AB /* StudentLocation.swift */,
			);
			name = Parse;
			sourceTree = "<group>";
		};
/* End PBXGroup section */

/* Begin PBXNativeTarget section */
		B211209E1CE3B83F0072E9C5 /* OnTheMap */ = {
			isa = PBXNativeTarget;
			buildConfigurationList = B21120C71CE3B83F0072E9C5 /* Build configuration list for PBXNativeTarget "OnTheMap" */;
			buildPhases = (
				B211209B1CE3B83F0072E9C5 /* Sources */,
				B211209C1CE3B83F0072E9C5 /* Frameworks */,
				B211209D1CE3B83F0072E9C5 /* Resources */,
			);
			buildRules = (
			);
			dependencies = (
			);
			name = OnTheMap;
			productName = OnTheMap;
			productReference = B211209F1CE3B83F0072E9C5 /* OnTheMap.app */;
			productType = "com.apple.product-type.application";
		};
		B21120B21CE3B83F0072E9C5 /* OnTheMapTests */ = {
			isa = PBXNativeTarget;
			buildConfigurationList = B21120CA1CE3B83F0072E9C5 /* Build configuration list for PBXNativeTarget "OnTheMapTests" */;
			buildPhases = (
				B21120AF1CE3B83F0072E9C5 /* Sources */,
				B21120B01CE3B83F0072E9C5 /* Frameworks */,
				B21120B11CE3B83F0072E9C5 /* Resources */,
			);
			buildRules = (
			);
			dependencies = (
				B21120B51CE3B83F0072E9C5 /* PBXTargetDependency */,
			);
			name = OnTheMapTests;
			productName = OnTheMapTests;
			productReference = B21120B31CE3B83F0072E9C5 /* OnTheMapTests.xctest */;
			productType = "com.apple.product-type.bundle.unit-test";
		};
		B21120BD1CE3B83F0072E9C5 /* OnTheMapUITests */ = {
			isa = PBXNativeTarget;
			buildConfigurationList = B21120CD1CE3B83F0072E9C5 /* Build configuration list for PBXNativeTarget "OnTheMapUITests" */;
			buildPhases = (
				B21120BA1CE3B83F0072E9C5 /* Sources */,
				B21120BB1CE3B83F0072E9C5 /* Frameworks */,
				B21120BC1CE3B83F0072E9C5 /* Resources */,
			);
			buildRules = (
			);
			dependencies = (
				B21120C01CE3B83F0072E9C5 /* PBXTargetDependency */,
			);
			name = OnTheMapUITests;
			productName = OnTheMapUITests;
			productReference = B21120BE1CE3B83F0072E9C5 /* OnTheMapUITests.xctest */;
			productType = "com.apple.product-type.bundle.ui-testing";
		};
/* End PBXNativeTarget section */

/* Begin PBXProject section */
		B21120971CE3B83F0072E9C5 /* Project object */ = {
			isa = PBXProject;
			attributes = {
				LastSwiftUpdateCheck = 0730;
				LastUpgradeCheck = 0730;
				ORGANIZATIONNAME = "Andy Xu";
				TargetAttributes = {
					B211209E1CE3B83F0072E9C5 = {
						CreatedOnToolsVersion = 7.3;
					};
					B21120B21CE3B83F0072E9C5 = {
						CreatedOnToolsVersion = 7.3;
						TestTargetID = B211209E1CE3B83F0072E9C5;
					};
					B21120BD1CE3B83F0072E9C5 = {
						CreatedOnToolsVersion = 7.3;
						TestTargetID = B211209E1CE3B83F0072E9C5;
					};
				};
			};
			buildConfigurationList = B211209A1CE3B83F0072E9C5 /* Build configuration list for PBXProject "OnTheMap" */;
			compatibilityVersion = "Xcode 3.2";
			developmentRegion = English;
			hasScannedForEncodings = 0;
			knownRegions = (
				en,
				Base,
			);
			mainGroup = B21120961CE3B83F0072E9C5;
			productRefGroup = B21120A01CE3B83F0072E9C5 /* Products */;
			projectDirPath = "";
			projectRoot = "";
			targets = (
				B211209E1CE3B83F0072E9C5 /* OnTheMap */,
				B21120B21CE3B83F0072E9C5 /* OnTheMapTests */,
				B21120BD1CE3B83F0072E9C5 /* OnTheMapUITests */,
			);
		};
/* End PBXProject section */

/* Begin PBXResourcesBuildPhase section */
		B211209D1CE3B83F0072E9C5 /* Resources */ = {
			isa = PBXResourcesBuildPhase;
			buildActionMask = 2147483647;
			files = (
				B21120AD1CE3B83F0072E9C5 /* LaunchScreen.storyboard in Resources */,
				B21120AA1CE3B83F0072E9C5 /* Assets.xcassets in Resources */,
				B21120A81CE3B83F0072E9C5 /* Main.storyboard in Resources */,
			);
			runOnlyForDeploymentPostprocessing = 0;
		};
		B21120B11CE3B83F0072E9C5 /* Resources */ = {
			isa = PBXResourcesBuildPhase;
			buildActionMask = 2147483647;
			files = (
			);
			runOnlyForDeploymentPostprocessing = 0;
		};
		B21120BC1CE3B83F0072E9C5 /* Resources */ = {
			isa = PBXResourcesBuildPhase;
			buildActionMask = 2147483647;
			files = (
			);
			runOnlyForDeploymentPostprocessing = 0;
		};
/* End PBXResourcesBuildPhase section */

/* Begin PBXSourcesBuildPhase section */
		B211209B1CE3B83F0072E9C5 /* Sources */ = {
			isa = PBXSourcesBuildPhase;
			buildActionMask = 2147483647;
			files = (
				B2B0CB4C1CE65FB2005EA3AB /* MapPin.swift in Sources */,
				B21120D81CE3E2260072E9C5 /* UdacityAPI.swift in Sources */,
				A1D6E48C1CE8564600117697 /* AddMyLinkVC.swift in Sources */,
				A1FCD0471CEC3A88009A8897 /* ListVC.swift in Sources */,
				B2B0CB4A1CE646E8005EA3AB /* StudentLocation.swift in Sources */,
				B2E091471CE4F872004254AE /* MainTabBarVC.swift in Sources */,
				B21120DC1CE3E2640072E9C5 /* UdacityConstant.swift in Sources */,
				B21120D11CE3D03C0072E9C5 /* LoginVC.swift in Sources */,
				A1D6E48A1CE82A0900117697 /* RoundButton.swift in Sources */,
				A16193891CE6EFD200EE2264 /* FullTransparentNavigationBar.swift in Sources */,
				B2E091551CE5596E004254AE /* ParseAPI.swift in Sources */,
				B2E091561CE5596E004254AE /* ParseConstant.swift in Sources */,
				B21120D51CE3D83F0072E9C5 /* SquareTextField.swift in Sources */,
				A161938B1CE6F4FF00EE2264 /* AddMyPinVC.swift in Sources */,
				B2E0914B1CE53550004254AE /* MapVC.swift in Sources */,
				B21120A31CE3B83F0072E9C5 /* AppDelegate.swift in Sources */,
				B2E091491CE52E04004254AE /* GCDBlackBox.swift in Sources */,
			);
			runOnlyForDeploymentPostprocessing = 0;
		};
		B21120AF1CE3B83F0072E9C5 /* Sources */ = {
			isa = PBXSourcesBuildPhase;
			buildActionMask = 2147483647;
			files = (
				B21120B81CE3B83F0072E9C5 /* OnTheMapTests.swift in Sources */,
			);
			runOnlyForDeploymentPostprocessing = 0;
		};
		B21120BA1CE3B83F0072E9C5 /* Sources */ = {
			isa = PBXSourcesBuildPhase;
			buildActionMask = 2147483647;
			files = (
				B21120C31CE3B83F0072E9C5 /* OnTheMapUITests.swift in Sources */,
			);
			runOnlyForDeploymentPostprocessing = 0;
		};
/* End PBXSourcesBuildPhase section */

/* Begin PBXTargetDependency section */
		B21120B51CE3B83F0072E9C5 /* PBXTargetDependency */ = {
			isa = PBXTargetDependency;
			target = B211209E1CE3B83F0072E9C5 /* OnTheMap */;
			targetProxy = B21120B41CE3B83F0072E9C5 /* PBXContainerItemProxy */;
		};
		B21120C01CE3B83F0072E9C5 /* PBXTargetDependency */ = {
			isa = PBXTargetDependency;
			target = B211209E1CE3B83F0072E9C5 /* OnTheMap */;
			targetProxy = B21120BF1CE3B83F0072E9C5 /* PBXContainerItemProxy */;
		};
/* End PBXTargetDependency section */

/* Begin PBXVariantGroup section */
		B21120A61CE3B83F0072E9C5 /* Main.storyboard */ = {
			isa = PBXVariantGroup;
			children = (
				B21120A71CE3B83F0072E9C5 /* Base */,
			);
			name = Main.storyboard;
			sourceTree = "<group>";
		};
		B21120AB1CE3B83F0072E9C5 /* LaunchScreen.storyboard */ = {
			isa = PBXVariantGroup;
			children = (
				B21120AC1CE3B83F0072E9C5 /* Base */,
			);
			name = LaunchScreen.storyboard;
			sourceTree = "<group>";
		};
/* End PBXVariantGroup section */

/* Begin XCBuildConfiguration section */
		B21120C51CE3B83F0072E9C5 /* Debug */ = {
			isa = XCBuildConfiguration;
			buildSettings = {
				ALWAYS_SEARCH_USER_PATHS = NO;
				CLANG_ANALYZER_NONNULL = YES;
				CLANG_CXX_LANGUAGE_STANDARD = "gnu++0x";
				CLANG_CXX_LIBRARY = "libc++";
				CLANG_ENABLE_MODULES = YES;
				CLANG_ENABLE_OBJC_ARC = YES;
				CLANG_WARN_BOOL_CONVERSION = YES;
				CLANG_WARN_CONSTANT_CONVERSION = YES;
				CLANG_WARN_DIRECT_OBJC_ISA_USAGE = YES_ERROR;
				CLANG_WARN_EMPTY_BODY = YES;
				CLANG_WARN_ENUM_CONVERSION = YES;
				CLANG_WARN_INT_CONVERSION = YES;
				CLANG_WARN_OBJC_ROOT_CLASS = YES_ERROR;
				CLANG_WARN_UNREACHABLE_CODE = YES;
				CLANG_WARN__DUPLICATE_METHOD_MATCH = YES;
				"CODE_SIGN_IDENTITY[sdk=iphoneos*]" = "iPhone Developer";
				COPY_PHASE_STRIP = NO;
				DEBUG_INFORMATION_FORMAT = dwarf;
				ENABLE_STRICT_OBJC_MSGSEND = YES;
				ENABLE_TESTABILITY = YES;
				GCC_C_LANGUAGE_STANDARD = gnu99;
				GCC_DYNAMIC_NO_PIC = NO;
				GCC_NO_COMMON_BLOCKS = YES;
				GCC_OPTIMIZATION_LEVEL = 0;
				GCC_PREPROCESSOR_DEFINITIONS = (
					"DEBUG=1",
					"$(inherited)",
				);
				GCC_WARN_64_TO_32_BIT_CONVERSION = YES;
				GCC_WARN_ABOUT_RETURN_TYPE = YES_ERROR;
				GCC_WARN_UNDECLARED_SELECTOR = YES;
				GCC_WARN_UNINITIALIZED_AUTOS = YES_AGGRESSIVE;
				GCC_WARN_UNUSED_FUNCTION = YES;
				GCC_WARN_UNUSED_VARIABLE = YES;
				IPHONEOS_DEPLOYMENT_TARGET = 9.3;
				MTL_ENABLE_DEBUG_INFO = YES;
				ONLY_ACTIVE_ARCH = YES;
				SDKROOT = iphoneos;
				SWIFT_OPTIMIZATION_LEVEL = "-Onone";
				TARGETED_DEVICE_FAMILY = "1,2";
			};
			name = Debug;
		};
		B21120C61CE3B83F0072E9C5 /* Release */ = {
			isa = XCBuildConfiguration;
			buildSettings = {
				ALWAYS_SEARCH_USER_PATHS = NO;
				CLANG_ANALYZER_NONNULL = YES;
				CLANG_CXX_LANGUAGE_STANDARD = "gnu++0x";
				CLANG_CXX_LIBRARY = "libc++";
				CLANG_ENABLE_MODULES = YES;
				CLANG_ENABLE_OBJC_ARC = YES;
				CLANG_WARN_BOOL_CONVERSION = YES;
				CLANG_WARN_CONSTANT_CONVERSION = YES;
				CLANG_WARN_DIRECT_OBJC_ISA_USAGE = YES_ERROR;
				CLANG_WARN_EMPTY_BODY = YES;
				CLANG_WARN_ENUM_CONVERSION = YES;
				CLANG_WARN_INT_CONVERSION = YES;
				CLANG_WARN_OBJC_ROOT_CLASS = YES_ERROR;
				CLANG_WARN_UNREACHABLE_CODE = YES;
				CLANG_WARN__DUPLICATE_METHOD_MATCH = YES;
				"CODE_SIGN_IDENTITY[sdk=iphoneos*]" = "iPhone Developer";
				COPY_PHASE_STRIP = NO;
				DEBUG_INFORMATION_FORMAT = "dwarf-with-dsym";
				ENABLE_NS_ASSERTIONS = NO;
				ENABLE_STRICT_OBJC_MSGSEND = YES;
				GCC_C_LANGUAGE_STANDARD = gnu99;
				GCC_NO_COMMON_BLOCKS = YES;
				GCC_WARN_64_TO_32_BIT_CONVERSION = YES;
				GCC_WARN_ABOUT_RETURN_TYPE = YES_ERROR;
				GCC_WARN_UNDECLARED_SELECTOR = YES;
				GCC_WARN_UNINITIALIZED_AUTOS = YES_AGGRESSIVE;
				GCC_WARN_UNUSED_FUNCTION = YES;
				GCC_WARN_UNUSED_VARIABLE = YES;
				IPHONEOS_DEPLOYMENT_TARGET = 9.3;
				MTL_ENABLE_DEBUG_INFO = NO;
				SDKROOT = iphoneos;
				TARGETED_DEVICE_FAMILY = "1,2";
				VALIDATE_PRODUCT = YES;
			};
			name = Release;
		};
		B21120C81CE3B83F0072E9C5 /* Debug */ = {
			isa = XCBuildConfiguration;
			buildSettings = {
				ASSETCATALOG_COMPILER_APPICON_NAME = AppIcon;
				FRAMEWORK_SEARCH_PATHS = (
					"$(inherited)",
					"$(PROJECT_DIR)/OnTheMap/FaceBookSDK",
				);
				INFOPLIST_FILE = OnTheMap/Info.plist;
				LD_RUNPATH_SEARCH_PATHS = "$(inherited) @executable_path/Frameworks";
				PRODUCT_BUNDLE_IDENTIFIER = com.axu.OnTheMap;
				PRODUCT_NAME = "$(TARGET_NAME)";
			};
			name = Debug;
		};
		B21120C91CE3B83F0072E9C5 /* Release */ = {
			isa = XCBuildConfiguration;
			buildSettings = {
				ASSETCATALOG_COMPILER_APPICON_NAME = AppIcon;
				FRAMEWORK_SEARCH_PATHS = (
					"$(inherited)",
					"$(PROJECT_DIR)/OnTheMap/FaceBookSDK",
				);
				INFOPLIST_FILE = OnTheMap/Info.plist;
				LD_RUNPATH_SEARCH_PATHS = "$(inherited) @executable_path/Frameworks";
				PRODUCT_BUNDLE_IDENTIFIER = com.axu.OnTheMap;
				PRODUCT_NAME = "$(TARGET_NAME)";
			};
			name = Release;
		};
		B21120CB1CE3B83F0072E9C5 /* Debug */ = {
			isa = XCBuildConfiguration;
			buildSettings = {
				BUNDLE_LOADER = "$(TEST_HOST)";
				INFOPLIST_FILE = OnTheMapTests/Info.plist;
				LD_RUNPATH_SEARCH_PATHS = "$(inherited) @executable_path/Frameworks @loader_path/Frameworks";
				PRODUCT_BUNDLE_IDENTIFIER = com.axu.OnTheMapTests;
				PRODUCT_NAME = "$(TARGET_NAME)";
				TEST_HOST = "$(BUILT_PRODUCTS_DIR)/OnTheMap.app/OnTheMap";
			};
			name = Debug;
		};
		B21120CC1CE3B83F0072E9C5 /* Release */ = {
			isa = XCBuildConfiguration;
			buildSettings = {
				BUNDLE_LOADER = "$(TEST_HOST)";
				INFOPLIST_FILE = OnTheMapTests/Info.plist;
				LD_RUNPATH_SEARCH_PATHS = "$(inherited) @executable_path/Frameworks @loader_path/Frameworks";
				PRODUCT_BUNDLE_IDENTIFIER = com.axu.OnTheMapTests;
				PRODUCT_NAME = "$(TARGET_NAME)";
				TEST_HOST = "$(BUILT_PRODUCTS_DIR)/OnTheMap.app/OnTheMap";
			};
			name = Release;
		};
		B21120CE1CE3B83F0072E9C5 /* Debug */ = {
			isa = XCBuildConfiguration;
			buildSettings = {
				INFOPLIST_FILE = OnTheMapUITests/Info.plist;
				LD_RUNPATH_SEARCH_PATHS = "$(inherited) @executable_path/Frameworks @loader_path/Frameworks";
				PRODUCT_BUNDLE_IDENTIFIER = com.axu.OnTheMapUITests;
				PRODUCT_NAME = "$(TARGET_NAME)";
				TEST_TARGET_NAME = OnTheMap;
			};
			name = Debug;
		};
		B21120CF1CE3B83F0072E9C5 /* Release */ = {
			isa = XCBuildConfiguration;
			buildSettings = {
				INFOPLIST_FILE = OnTheMapUITests/Info.plist;
				LD_RUNPATH_SEARCH_PATHS = "$(inherited) @executable_path/Frameworks @loader_path/Frameworks";
				PRODUCT_BUNDLE_IDENTIFIER = com.axu.OnTheMapUITests;
				PRODUCT_NAME = "$(TARGET_NAME)";
				TEST_TARGET_NAME = OnTheMap;
			};
			name = Release;
		};
/* End XCBuildConfiguration section */

/* Begin XCConfigurationList section */
		B211209A1CE3B83F0072E9C5 /* Build configuration list for PBXProject "OnTheMap" */ = {
			isa = XCConfigurationList;
			buildConfigurations = (
				B21120C51CE3B83F0072E9C5 /* Debug */,
				B21120C61CE3B83F0072E9C5 /* Release */,
			);
			defaultConfigurationIsVisible = 0;
			defaultConfigurationName = Release;
		};
		B21120C71CE3B83F0072E9C5 /* Build configuration list for PBXNativeTarget "OnTheMap" */ = {
			isa = XCConfigurationList;
			buildConfigurations = (
				B21120C81CE3B83F0072E9C5 /* Debug */,
				B21120C91CE3B83F0072E9C5 /* Release */,
			);
			defaultConfigurationIsVisible = 0;
			defaultConfigurationName = Release;
		};
		B21120CA1CE3B83F0072E9C5 /* Build configuration list for PBXNativeTarget "OnTheMapTests" */ = {
			isa = XCConfigurationList;
			buildConfigurations = (
				B21120CB1CE3B83F0072E9C5 /* Debug */,
				B21120CC1CE3B83F0072E9C5 /* Release */,
			);
			defaultConfigurationIsVisible = 0;
			defaultConfigurationName = Release;
		};
		B21120CD1CE3B83F0072E9C5 /* Build configuration list for PBXNativeTarget "OnTheMapUITests" */ = {
			isa = XCConfigurationList;
			buildConfigurations = (
				B21120CE1CE3B83F0072E9C5 /* Debug */,
				B21120CF1CE3B83F0072E9C5 /* Release */,
			);
			defaultConfigurationIsVisible = 0;
			defaultConfigurationName = Release;
		};
/* End XCConfigurationList section */
	};
	rootObject = B21120971CE3B83F0072E9C5 /* Project object */;
}
